
Microsoft Visual Studio Solution File, Format Version 12.00
# Visual Studio Version 16
VisualStudioVersion = 16.0.30413.136
MinimumVisualStudioVersion = 10.0.40219.1
Project("{9A19103F-16F7-4668-BE54-9A1E7A4F7556}") = "KIS.Web", "KIS.Web\KIS.Web.csproj", "{BE6C9CF0-3668-40A0-8065-D384964A2A95}"
EndProject
Project("{9A19103F-16F7-4668-BE54-9A1E7A4F7556}") = "KIS.Core", "KIS.Core\KIS.Core.csproj", "{A3947FBE-0A51-4740-90C8-B8DDBB53763D}"
EndProject
Project("{9A19103F-16F7-4668-BE54-9A1E7A4F7556}") = "KIS.Data", "KIS.Data\KIS.Data.csproj", "{8F7F66F7-D2E8-4218-95C7-1A2D69D36FD3}"
EndProject
Project("{FAE04EC0-301F-11D3-BF4B-00C04F79EFBC}") = "KIS.Core.Domain", "KIS.Core.Domain\KIS.Core.Domain.csproj", "{33C9B0C1-93BE-4FCC-AAFB-E2234FC57842}"
EndProject
Project("{FAE04EC0-301F-11D3-BF4B-00C04F79EFBC}") = "KIS.Web.Contracts", "KIS.Web.Contracts\KIS.Web.Contracts.csproj", "{F4C2EB58-FEEB-4EE7-8CB7-8D9473573CC7}"
EndProject
Global
	GlobalSection(SolutionConfigurationPlatforms) = preSolution
		Debug|Any CPU = Debug|Any CPU
		Release|Any CPU = Release|Any CPU
	EndGlobalSection
	GlobalSection(ProjectConfigurationPlatforms) = postSolution
		{BE6C9CF0-3668-40A0-8065-D384964A2A95}.Debug|Any CPU.ActiveCfg = Debug|Any CPU
		{BE6C9CF0-3668-40A0-8065-D384964A2A95}.Debug|Any CPU.Build.0 = Debug|Any CPU
		{BE6C9CF0-3668-40A0-8065-D384964A2A95}.Release|Any CPU.ActiveCfg = Release|Any CPU
		{BE6C9CF0-3668-40A0-8065-D384964A2A95}.Release|Any CPU.Build.0 = Release|Any CPU
		{A3947FBE-0A51-4740-90C8-B8DDBB53763D}.Debug|Any CPU.ActiveCfg = Debug|Any CPU
		{A3947FBE-0A51-4740-90C8-B8DDBB53763D}.Debug|Any CPU.Build.0 = Debug|Any CPU
		{A3947FBE-0A51-4740-90C8-B8DDBB53763D}.Release|Any CPU.ActiveCfg = Release|Any CPU
		{A3947FBE-0A51-4740-90C8-B8DDBB53763D}.Release|Any CPU.Build.0 = Release|Any CPU
		{8F7F66F7-D2E8-4218-95C7-1A2D69D36FD3}.Debug|Any CPU.ActiveCfg = Debug|Any CPU
		{8F7F66F7-D2E8-4218-95C7-1A2D69D36FD3}.Debug|Any CPU.Build.0 = Debug|Any CPU
		{8F7F66F7-D2E8-4218-95C7-1A2D69D36FD3}.Release|Any CPU.ActiveCfg = Release|Any CPU
		{8F7F66F7-D2E8-4218-95C7-1A2D69D36FD3}.Release|Any CPU.Build.0 = Release|Any CPU
		{33C9B0C1-93BE-4FCC-AAFB-E2234FC57842}.Debug|Any CPU.ActiveCfg = Debug|Any CPU
		{33C9B0C1-93BE-4FCC-AAFB-E2234FC57842}.Debug|Any CPU.Build.0 = Debug|Any CPU
		{33C9B0C1-93BE-4FCC-AAFB-E2234FC57842}.Release|Any CPU.ActiveCfg = Release|Any CPU
		{33C9B0C1-93BE-4FCC-AAFB-E2234FC57842}.Release|Any CPU.Build.0 = Release|Any CPU
		{F4C2EB58-FEEB-4EE7-8CB7-8D9473573CC7}.Debug|Any CPU.ActiveCfg = Debug|Any CPU
		{F4C2EB58-FEEB-4EE7-8CB7-8D9473573CC7}.Debug|Any CPU.Build.0 = Debug|Any CPU
		{F4C2EB58-FEEB-4EE7-8CB7-8D9473573CC7}.Release|Any CPU.ActiveCfg = Release|Any CPU
		{F4C2EB58-FEEB-4EE7-8CB7-8D9473573CC7}.Release|Any CPU.Build.0 = Release|Any CPU
	EndGlobalSection
	GlobalSection(SolutionProperties) = preSolution
		HideSolutionNode = FALSE
	EndGlobalSection
	GlobalSection(ExtensibilityGlobals) = postSolution
		SolutionGuid = {7677D5D4-C5C4-4AA3-825F-AFEF54C0C621}
	EndGlobalSection
EndGlobal
